
Microsoft Visual Studio Solution File, Format Version 12.00
# Visual Studio 15
VisualStudioVersion = 15.0.26430.6
MinimumVisualStudioVersion = 10.0.40219.1
Project("{2150E333-8FDC-42A3-9474-1A3956D46DE8}") = "Accounts", "Accounts", "{9A01066E-1C74-4F42-936F-9F1E520B4B9C}"
EndProject
Project("{9A19103F-16F7-4668-BE54-9A1E7A4F7556}") = "Accounts.Company.API", "Accounts.Company.API\Accounts.Company.API.csproj", "{D354B3B1-F9EE-4D92-BFB5-3D1C19EDBA21}"
EndProject
Project("{9A19103F-16F7-4668-BE54-9A1E7A4F7556}") = "Accounts.Company.API.Test", "Accounts.Company.API.Test\Accounts.Company.API.Test.csproj", "{DDF292E8-0913-4AB0-A796-8713A5781382}"
EndProject
Project("{9A19103F-16F7-4668-BE54-9A1E7A4F7556}") = "Accounts.Management.API", "Accounts.Management.API\Accounts.Management.API.csproj", "{28C033D5-53F9-4920-9D77-1F02C057060F}"
EndProject
Project("{9A19103F-16F7-4668-BE54-9A1E7A4F7556}") = "Accounts.Management.API.Test", "Accounts.Management.API.Test\Accounts.Management.API.Test.csproj", "{BB3FBCEB-F877-4AEF-979F-CF0BD396746F}"
EndProject
Project("{9A19103F-16F7-4668-BE54-9A1E7A4F7556}") = "Accounts.Provider.API", "Accounts.Provider.API\Accounts.Provider.API.csproj", "{C11C9BAC-3790-4C86-BAD1-6DF83B643404}"
EndProject
Project("{9A19103F-16F7-4668-BE54-9A1E7A4F7556}") = "Accounts.Provider.API.Test", "Accounts.Provider.API.Test\Accounts.Provider.API.Test.csproj", "{7B85693F-C383-48DC-BED4-F9F0BFFD2686}"
EndProject
Project("{9A19103F-16F7-4668-BE54-9A1E7A4F7556}") = "Accounts.Service", "Accounts.Service\Accounts.Service.csproj", "{2CDCD221-D614-4B79-8CCC-ADB78077774B}"
EndProject
Project("{9A19103F-16F7-4668-BE54-9A1E7A4F7556}") = "Accounts.Service.Contract", "Accounts.Service.Contract\Accounts.Service.Contract.csproj", "{69A1113D-E6F9-4E10-961C-A8364A49500E}"
EndProject
Project("{9A19103F-16F7-4668-BE54-9A1E7A4F7556}") = "Accounts.Service.Test", "Accounts.Service.Test\Accounts.Service.Test.csproj", "{0DC43C5B-E46F-4232-A934-2CA123D148C7}"
EndProject
Project("{2150E333-8FDC-42A3-9474-1A3956D46DE8}") = "Applications", "Applications", "{8C1C3855-F337-48F6-B417-B9BA00BDEED3}"
EndProject
Project("{9A19103F-16F7-4668-BE54-9A1E7A4F7556}") = "Applications.Company.API", "Applications.Company.API\Applications.Company.API.csproj", "{7608D62F-D82D-433A-95F1-F9609EBADB29}"
EndProject
Project("{9A19103F-16F7-4668-BE54-9A1E7A4F7556}") = "Applications.Provider.API", "Applications.Provider.API\Applications.Provider.API.csproj", "{96409357-D4BC-4732-8440-981314FE2FF6}"
EndProject
Project("{9A19103F-16F7-4668-BE54-9A1E7A4F7556}") = "Applications.Service", "Applications.Service\Applications.Service.csproj", "{6F84FCF9-6AA7-421E-B765-B10C03CF1666}"
EndProject
Project("{9A19103F-16F7-4668-BE54-9A1E7A4F7556}") = "Applications.Service.Contract", "Applications.Service.Contract\Applications.Service.Contract.csproj", "{E2985C46-01F1-461A-8606-1D5B81981118}"
EndProject
Project("{2150E333-8FDC-42A3-9474-1A3956D46DE8}") = "CCC", "CCC", "{CCABAAC1-1A1F-42C0-B094-FBE82C3F7C72}"
EndProject
Project("{9A19103F-16F7-4668-BE54-9A1E7A4F7556}") = "CrossCuttingConcerns", "CrossCuttingConcerns\CrossCuttingConcerns.csproj", "{2436D116-A6E7-40B3-A00A-A424ED932316}"
EndProject
Project("{2150E333-8FDC-42A3-9474-1A3956D46DE8}") = "OpportunityManagement", "OpportunityManagement", "{B87EB87E-C2AB-4489-A9EE-233D907D071E}"
EndProject
Project("{9A19103F-16F7-4668-BE54-9A1E7A4F7556}") = "OpportunityManagement.Management.API", "OpportunityManagement.Management.API\OpportunityManagement.Management.API.csproj", "{B8DBDD6D-6893-4941-BBD6-ED5FA5F2500D}"
EndProject
Project("{9A19103F-16F7-4668-BE54-9A1E7A4F7556}") = "OpportunityManagement.Provider.API", "OpportunityManagement.Provider.API\OpportunityManagement.Provider.API.csproj", "{7BD7CC08-BCDF-4AE0-AF67-FD6B6D195531}"
EndProject
Project("{9A19103F-16F7-4668-BE54-9A1E7A4F7556}") = "OpportunityManagement.Service", "OpportunityManagement.Service\OpportunityManagement.Service.csproj", "{464DD395-9274-4C58-8FAE-F1152B56AF15}"
EndProject
Project("{9A19103F-16F7-4668-BE54-9A1E7A4F7556}") = "OpportunityManagement.Service.Contract", "OpportunityManagement.Service.Contract\OpportunityManagement.Service.Contract.csproj", "{AF7E27CF-1A88-409B-8F97-5684E6B2E89C}"
EndProject
Project("{2150E333-8FDC-42A3-9474-1A3956D46DE8}") = "ProfileBuilder", "ProfileBuilder", "{0EC83838-619E-49CA-B538-FD5E0E7B54A0}"
EndProject
Project("{9A19103F-16F7-4668-BE54-9A1E7A4F7556}") = "ProfileBuilder.Company.API", "ProfileBuilder.Company.API\ProfileBuilder.Company.API.csproj", "{235A1418-3B55-4C15-BD65-01A6DF084CA3}"
EndProject
Project("{9A19103F-16F7-4668-BE54-9A1E7A4F7556}") = "ProfileBuilder.Service", "ProfileBuilder.Service\ProfileBuilder.Service.csproj", "{10D86C25-66B4-4F73-A64E-278587CA6E01}"
EndProject
Project("{9A19103F-16F7-4668-BE54-9A1E7A4F7556}") = "ProfileBuilder.Service.Contract", "ProfileBuilder.Service.Contract\ProfileBuilder.Service.Contract.csproj", "{CA531A96-7243-4AB6-B9E8-83A3FB8453AC}"
EndProject
Project("{9A19103F-16F7-4668-BE54-9A1E7A4F7556}") = "CORE2", "CORE2\CORE2.csproj", "{71A51A9C-2E05-4CDE-B911-CA0F4599FB75}"
EndProject
Project("{9A19103F-16F7-4668-BE54-9A1E7A4F7556}") = "Accounts.Service.xTests", "Accounts.Service.xTests\Accounts.Service.xTests.csproj", "{929AA4DA-52EA-43BC-90C7-45B564967AFE}"
EndProject
Global
	GlobalSection(SolutionConfigurationPlatforms) = preSolution
		Debug|Any CPU = Debug|Any CPU
		Debug|x86 = Debug|x86
		Release|Any CPU = Release|Any CPU
		Release|x86 = Release|x86
	EndGlobalSection
	GlobalSection(ProjectConfigurationPlatforms) = postSolution
		{D354B3B1-F9EE-4D92-BFB5-3D1C19EDBA21}.Debug|Any CPU.ActiveCfg = Debug|Any CPU
		{D354B3B1-F9EE-4D92-BFB5-3D1C19EDBA21}.Debug|Any CPU.Build.0 = Debug|Any CPU
		{D354B3B1-F9EE-4D92-BFB5-3D1C19EDBA21}.Debug|x86.ActiveCfg = Debug|Any CPU
		{D354B3B1-F9EE-4D92-BFB5-3D1C19EDBA21}.Debug|x86.Build.0 = Debug|Any CPU
		{D354B3B1-F9EE-4D92-BFB5-3D1C19EDBA21}.Release|Any CPU.ActiveCfg = Release|Any CPU
		{D354B3B1-F9EE-4D92-BFB5-3D1C19EDBA21}.Release|Any CPU.Build.0 = Release|Any CPU
		{D354B3B1-F9EE-4D92-BFB5-3D1C19EDBA21}.Release|x86.ActiveCfg = Release|Any CPU
		{D354B3B1-F9EE-4D92-BFB5-3D1C19EDBA21}.Release|x86.Build.0 = Release|Any CPU
		{DDF292E8-0913-4AB0-A796-8713A5781382}.Debug|Any CPU.ActiveCfg = Debug|Any CPU
		{DDF292E8-0913-4AB0-A796-8713A5781382}.Debug|Any CPU.Build.0 = Debug|Any CPU
		{DDF292E8-0913-4AB0-A796-8713A5781382}.Debug|x86.ActiveCfg = Debug|Any CPU
		{DDF292E8-0913-4AB0-A796-8713A5781382}.Debug|x86.Build.0 = Debug|Any CPU
		{DDF292E8-0913-4AB0-A796-8713A5781382}.Release|Any CPU.ActiveCfg = Release|Any CPU
		{DDF292E8-0913-4AB0-A796-8713A5781382}.Release|Any CPU.Build.0 = Release|Any CPU
		{DDF292E8-0913-4AB0-A796-8713A5781382}.Release|x86.ActiveCfg = Release|Any CPU
		{DDF292E8-0913-4AB0-A796-8713A5781382}.Release|x86.Build.0 = Release|Any CPU
		{28C033D5-53F9-4920-9D77-1F02C057060F}.Debug|Any CPU.ActiveCfg = Debug|Any CPU
		{28C033D5-53F9-4920-9D77-1F02C057060F}.Debug|Any CPU.Build.0 = Debug|Any CPU
		{28C033D5-53F9-4920-9D77-1F02C057060F}.Debug|x86.ActiveCfg = Debug|Any CPU
		{28C033D5-53F9-4920-9D77-1F02C057060F}.Debug|x86.Build.0 = Debug|Any CPU
		{28C033D5-53F9-4920-9D77-1F02C057060F}.Release|Any CPU.ActiveCfg = Release|Any CPU
		{28C033D5-53F9-4920-9D77-1F02C057060F}.Release|Any CPU.Build.0 = Release|Any CPU
		{28C033D5-53F9-4920-9D77-1F02C057060F}.Release|x86.ActiveCfg = Release|Any CPU
		{28C033D5-53F9-4920-9D77-1F02C057060F}.Release|x86.Build.0 = Release|Any CPU
		{BB3FBCEB-F877-4AEF-979F-CF0BD396746F}.Debug|Any CPU.ActiveCfg = Debug|Any CPU
		{BB3FBCEB-F877-4AEF-979F-CF0BD396746F}.Debug|Any CPU.Build.0 = Debug|Any CPU
		{BB3FBCEB-F877-4AEF-979F-CF0BD396746F}.Debug|x86.ActiveCfg = Debug|Any CPU
		{BB3FBCEB-F877-4AEF-979F-CF0BD396746F}.Debug|x86.Build.0 = Debug|Any CPU
		{BB3FBCEB-F877-4AEF-979F-CF0BD396746F}.Release|Any CPU.ActiveCfg = Release|Any CPU
		{BB3FBCEB-F877-4AEF-979F-CF0BD396746F}.Release|Any CPU.Build.0 = Release|Any CPU
		{BB3FBCEB-F877-4AEF-979F-CF0BD396746F}.Release|x86.ActiveCfg = Release|Any CPU
		{BB3FBCEB-F877-4AEF-979F-CF0BD396746F}.Release|x86.Build.0 = Release|Any CPU
		{C11C9BAC-3790-4C86-BAD1-6DF83B643404}.Debug|Any CPU.ActiveCfg = Debug|Any CPU
		{C11C9BAC-3790-4C86-BAD1-6DF83B643404}.Debug|Any CPU.Build.0 = Debug|Any CPU
		{C11C9BAC-3790-4C86-BAD1-6DF83B643404}.Debug|x86.ActiveCfg = Debug|Any CPU
		{C11C9BAC-3790-4C86-BAD1-6DF83B643404}.Debug|x86.Build.0 = Debug|Any CPU
		{C11C9BAC-3790-4C86-BAD1-6DF83B643404}.Release|Any CPU.ActiveCfg = Release|Any CPU
		{C11C9BAC-3790-4C86-BAD1-6DF83B643404}.Release|Any CPU.Build.0 = Release|Any CPU
		{C11C9BAC-3790-4C86-BAD1-6DF83B643404}.Release|x86.ActiveCfg = Release|Any CPU
		{C11C9BAC-3790-4C86-BAD1-6DF83B643404}.Release|x86.Build.0 = Release|Any CPU
		{7B85693F-C383-48DC-BED4-F9F0BFFD2686}.Debug|Any CPU.ActiveCfg = Debug|Any CPU
		{7B85693F-C383-48DC-BED4-F9F0BFFD2686}.Debug|Any CPU.Build.0 = Debug|Any CPU
		{7B85693F-C383-48DC-BED4-F9F0BFFD2686}.Debug|x86.ActiveCfg = Debug|Any CPU
		{7B85693F-C383-48DC-BED4-F9F0BFFD2686}.Debug|x86.Build.0 = Debug|Any CPU
		{7B85693F-C383-48DC-BED4-F9F0BFFD2686}.Release|Any CPU.ActiveCfg = Release|Any CPU
		{7B85693F-C383-48DC-BED4-F9F0BFFD2686}.Release|Any CPU.Build.0 = Release|Any CPU
		{7B85693F-C383-48DC-BED4-F9F0BFFD2686}.Release|x86.ActiveCfg = Release|Any CPU
		{7B85693F-C383-48DC-BED4-F9F0BFFD2686}.Release|x86.Build.0 = Release|Any CPU
		{2CDCD221-D614-4B79-8CCC-ADB78077774B}.Debug|Any CPU.ActiveCfg = Debug|Any CPU
		{2CDCD221-D614-4B79-8CCC-ADB78077774B}.Debug|Any CPU.Build.0 = Debug|Any CPU
		{2CDCD221-D614-4B79-8CCC-ADB78077774B}.Debug|x86.ActiveCfg = Debug|Any CPU
		{2CDCD221-D614-4B79-8CCC-ADB78077774B}.Debug|x86.Build.0 = Debug|Any CPU
		{2CDCD221-D614-4B79-8CCC-ADB78077774B}.Release|Any CPU.ActiveCfg = Release|Any CPU
		{2CDCD221-D614-4B79-8CCC-ADB78077774B}.Release|Any CPU.Build.0 = Release|Any CPU
		{2CDCD221-D614-4B79-8CCC-ADB78077774B}.Release|x86.ActiveCfg = Release|Any CPU
		{2CDCD221-D614-4B79-8CCC-ADB78077774B}.Release|x86.Build.0 = Release|Any CPU
		{69A1113D-E6F9-4E10-961C-A8364A49500E}.Debug|Any CPU.ActiveCfg = Debug|Any CPU
		{69A1113D-E6F9-4E10-961C-A8364A49500E}.Debug|Any CPU.Build.0 = Debug|Any CPU
		{69A1113D-E6F9-4E10-961C-A8364A49500E}.Debug|x86.ActiveCfg = Debug|Any CPU
		{69A1113D-E6F9-4E10-961C-A8364A49500E}.Debug|x86.Build.0 = Debug|Any CPU
		{69A1113D-E6F9-4E10-961C-A8364A49500E}.Release|Any CPU.ActiveCfg = Release|Any CPU
		{69A1113D-E6F9-4E10-961C-A8364A49500E}.Release|Any CPU.Build.0 = Release|Any CPU
		{69A1113D-E6F9-4E10-961C-A8364A49500E}.Release|x86.ActiveCfg = Release|Any CPU
		{69A1113D-E6F9-4E10-961C-A8364A49500E}.Release|x86.Build.0 = Release|Any CPU
		{0DC43C5B-E46F-4232-A934-2CA123D148C7}.Debug|Any CPU.ActiveCfg = Debug|Any CPU
		{0DC43C5B-E46F-4232-A934-2CA123D148C7}.Debug|Any CPU.Build.0 = Debug|Any CPU
		{0DC43C5B-E46F-4232-A934-2CA123D148C7}.Debug|x86.ActiveCfg = Debug|Any CPU
		{0DC43C5B-E46F-4232-A934-2CA123D148C7}.Debug|x86.Build.0 = Debug|Any CPU
		{0DC43C5B-E46F-4232-A934-2CA123D148C7}.Release|Any CPU.ActiveCfg = Release|Any CPU
		{0DC43C5B-E46F-4232-A934-2CA123D148C7}.Release|Any CPU.Build.0 = Release|Any CPU
		{0DC43C5B-E46F-4232-A934-2CA123D148C7}.Release|x86.ActiveCfg = Release|Any CPU
		{0DC43C5B-E46F-4232-A934-2CA123D148C7}.Release|x86.Build.0 = Release|Any CPU
		{7608D62F-D82D-433A-95F1-F9609EBADB29}.Debug|Any CPU.ActiveCfg = Debug|Any CPU
		{7608D62F-D82D-433A-95F1-F9609EBADB29}.Debug|Any CPU.Build.0 = Debug|Any CPU
		{7608D62F-D82D-433A-95F1-F9609EBADB29}.Debug|x86.ActiveCfg = Debug|Any CPU
		{7608D62F-D82D-433A-95F1-F9609EBADB29}.Debug|x86.Build.0 = Debug|Any CPU
		{7608D62F-D82D-433A-95F1-F9609EBADB29}.Release|Any CPU.ActiveCfg = Release|Any CPU
		{7608D62F-D82D-433A-95F1-F9609EBADB29}.Release|Any CPU.Build.0 = Release|Any CPU
		{7608D62F-D82D-433A-95F1-F9609EBADB29}.Release|x86.ActiveCfg = Release|Any CPU
		{7608D62F-D82D-433A-95F1-F9609EBADB29}.Release|x86.Build.0 = Release|Any CPU
		{96409357-D4BC-4732-8440-981314FE2FF6}.Debug|Any CPU.ActiveCfg = Debug|Any CPU
		{96409357-D4BC-4732-8440-981314FE2FF6}.Debug|Any CPU.Build.0 = Debug|Any CPU
		{96409357-D4BC-4732-8440-981314FE2FF6}.Debug|x86.ActiveCfg = Debug|Any CPU
		{96409357-D4BC-4732-8440-981314FE2FF6}.Debug|x86.Build.0 = Debug|Any CPU
		{96409357-D4BC-4732-8440-981314FE2FF6}.Release|Any CPU.ActiveCfg = Release|Any CPU
		{96409357-D4BC-4732-8440-981314FE2FF6}.Release|Any CPU.Build.0 = Release|Any CPU
		{96409357-D4BC-4732-8440-981314FE2FF6}.Release|x86.ActiveCfg = Release|Any CPU
		{96409357-D4BC-4732-8440-981314FE2FF6}.Release|x86.Build.0 = Release|Any CPU
		{6F84FCF9-6AA7-421E-B765-B10C03CF1666}.Debug|Any CPU.ActiveCfg = Debug|Any CPU
		{6F84FCF9-6AA7-421E-B765-B10C03CF1666}.Debug|Any CPU.Build.0 = Debug|Any CPU
		{6F84FCF9-6AA7-421E-B765-B10C03CF1666}.Debug|x86.ActiveCfg = Debug|Any CPU
		{6F84FCF9-6AA7-421E-B765-B10C03CF1666}.Debug|x86.Build.0 = Debug|Any CPU
		{6F84FCF9-6AA7-421E-B765-B10C03CF1666}.Release|Any CPU.ActiveCfg = Release|Any CPU
		{6F84FCF9-6AA7-421E-B765-B10C03CF1666}.Release|Any CPU.Build.0 = Release|Any CPU
		{6F84FCF9-6AA7-421E-B765-B10C03CF1666}.Release|x86.ActiveCfg = Release|Any CPU
		{6F84FCF9-6AA7-421E-B765-B10C03CF1666}.Release|x86.Build.0 = Release|Any CPU
		{E2985C46-01F1-461A-8606-1D5B81981118}.Debug|Any CPU.ActiveCfg = Debug|Any CPU
		{E2985C46-01F1-461A-8606-1D5B81981118}.Debug|Any CPU.Build.0 = Debug|Any CPU
		{E2985C46-01F1-461A-8606-1D5B81981118}.Debug|x86.ActiveCfg = Debug|Any CPU
		{E2985C46-01F1-461A-8606-1D5B81981118}.Debug|x86.Build.0 = Debug|Any CPU
		{E2985C46-01F1-461A-8606-1D5B81981118}.Release|Any CPU.ActiveCfg = Release|Any CPU
		{E2985C46-01F1-461A-8606-1D5B81981118}.Release|Any CPU.Build.0 = Release|Any CPU
		{E2985C46-01F1-461A-8606-1D5B81981118}.Release|x86.ActiveCfg = Release|Any CPU
		{E2985C46-01F1-461A-8606-1D5B81981118}.Release|x86.Build.0 = Release|Any CPU
		{2436D116-A6E7-40B3-A00A-A424ED932316}.Debug|Any CPU.ActiveCfg = Debug|Any CPU
		{2436D116-A6E7-40B3-A00A-A424ED932316}.Debug|Any CPU.Build.0 = Debug|Any CPU
		{2436D116-A6E7-40B3-A00A-A424ED932316}.Debug|x86.ActiveCfg = Debug|Any CPU
		{2436D116-A6E7-40B3-A00A-A424ED932316}.Debug|x86.Build.0 = Debug|Any CPU
		{2436D116-A6E7-40B3-A00A-A424ED932316}.Release|Any CPU.ActiveCfg = Release|Any CPU
		{2436D116-A6E7-40B3-A00A-A424ED932316}.Release|Any CPU.Build.0 = Release|Any CPU
		{2436D116-A6E7-40B3-A00A-A424ED932316}.Release|x86.ActiveCfg = Release|Any CPU
		{2436D116-A6E7-40B3-A00A-A424ED932316}.Release|x86.Build.0 = Release|Any CPU
		{B8DBDD6D-6893-4941-BBD6-ED5FA5F2500D}.Debug|Any CPU.ActiveCfg = Debug|Any CPU
		{B8DBDD6D-6893-4941-BBD6-ED5FA5F2500D}.Debug|Any CPU.Build.0 = Debug|Any CPU
		{B8DBDD6D-6893-4941-BBD6-ED5FA5F2500D}.Debug|x86.ActiveCfg = Debug|Any CPU
		{B8DBDD6D-6893-4941-BBD6-ED5FA5F2500D}.Debug|x86.Build.0 = Debug|Any CPU
		{B8DBDD6D-6893-4941-BBD6-ED5FA5F2500D}.Release|Any CPU.ActiveCfg = Release|Any CPU
		{B8DBDD6D-6893-4941-BBD6-ED5FA5F2500D}.Release|Any CPU.Build.0 = Release|Any CPU
		{B8DBDD6D-6893-4941-BBD6-ED5FA5F2500D}.Release|x86.ActiveCfg = Release|Any CPU
		{B8DBDD6D-6893-4941-BBD6-ED5FA5F2500D}.Release|x86.Build.0 = Release|Any CPU
		{7BD7CC08-BCDF-4AE0-AF67-FD6B6D195531}.Debug|Any CPU.ActiveCfg = Debug|Any CPU
		{7BD7CC08-BCDF-4AE0-AF67-FD6B6D195531}.Debug|Any CPU.Build.0 = Debug|Any CPU
		{7BD7CC08-BCDF-4AE0-AF67-FD6B6D195531}.Debug|x86.ActiveCfg = Debug|Any CPU
		{7BD7CC08-BCDF-4AE0-AF67-FD6B6D195531}.Debug|x86.Build.0 = Debug|Any CPU
		{7BD7CC08-BCDF-4AE0-AF67-FD6B6D195531}.Release|Any CPU.ActiveCfg = Release|Any CPU
		{7BD7CC08-BCDF-4AE0-AF67-FD6B6D195531}.Release|Any CPU.Build.0 = Release|Any CPU
		{7BD7CC08-BCDF-4AE0-AF67-FD6B6D195531}.Release|x86.ActiveCfg = Release|Any CPU
		{7BD7CC08-BCDF-4AE0-AF67-FD6B6D195531}.Release|x86.Build.0 = Release|Any CPU
		{464DD395-9274-4C58-8FAE-F1152B56AF15}.Debug|Any CPU.ActiveCfg = Debug|Any CPU
		{464DD395-9274-4C58-8FAE-F1152B56AF15}.Debug|Any CPU.Build.0 = Debug|Any CPU
		{464DD395-9274-4C58-8FAE-F1152B56AF15}.Debug|x86.ActiveCfg = Debug|Any CPU
		{464DD395-9274-4C58-8FAE-F1152B56AF15}.Debug|x86.Build.0 = Debug|Any CPU
		{464DD395-9274-4C58-8FAE-F1152B56AF15}.Release|Any CPU.ActiveCfg = Release|Any CPU
		{464DD395-9274-4C58-8FAE-F1152B56AF15}.Release|Any CPU.Build.0 = Release|Any CPU
		{464DD395-9274-4C58-8FAE-F1152B56AF15}.Release|x86.ActiveCfg = Release|Any CPU
		{464DD395-9274-4C58-8FAE-F1152B56AF15}.Release|x86.Build.0 = Release|Any CPU
		{AF7E27CF-1A88-409B-8F97-5684E6B2E89C}.Debug|Any CPU.ActiveCfg = Debug|Any CPU
		{AF7E27CF-1A88-409B-8F97-5684E6B2E89C}.Debug|Any CPU.Build.0 = Debug|Any CPU
		{AF7E27CF-1A88-409B-8F97-5684E6B2E89C}.Debug|x86.ActiveCfg = Debug|Any CPU
		{AF7E27CF-1A88-409B-8F97-5684E6B2E89C}.Debug|x86.Build.0 = Debug|Any CPU
		{AF7E27CF-1A88-409B-8F97-5684E6B2E89C}.Release|Any CPU.ActiveCfg = Release|Any CPU
		{AF7E27CF-1A88-409B-8F97-5684E6B2E89C}.Release|Any CPU.Build.0 = Release|Any CPU
		{AF7E27CF-1A88-409B-8F97-5684E6B2E89C}.Release|x86.ActiveCfg = Release|Any CPU
		{AF7E27CF-1A88-409B-8F97-5684E6B2E89C}.Release|x86.Build.0 = Release|Any CPU
		{235A1418-3B55-4C15-BD65-01A6DF084CA3}.Debug|Any CPU.ActiveCfg = Debug|Any CPU
		{235A1418-3B55-4C15-BD65-01A6DF084CA3}.Debug|Any CPU.Build.0 = Debug|Any CPU
		{235A1418-3B55-4C15-BD65-01A6DF084CA3}.Debug|x86.ActiveCfg = Debug|Any CPU
		{235A1418-3B55-4C15-BD65-01A6DF084CA3}.Debug|x86.Build.0 = Debug|Any CPU
		{235A1418-3B55-4C15-BD65-01A6DF084CA3}.Release|Any CPU.ActiveCfg = Release|Any CPU
		{235A1418-3B55-4C15-BD65-01A6DF084CA3}.Release|Any CPU.Build.0 = Release|Any CPU
		{235A1418-3B55-4C15-BD65-01A6DF084CA3}.Release|x86.ActiveCfg = Release|Any CPU
		{235A1418-3B55-4C15-BD65-01A6DF084CA3}.Release|x86.Build.0 = Release|Any CPU
		{10D86C25-66B4-4F73-A64E-278587CA6E01}.Debug|Any CPU.ActiveCfg = Debug|Any CPU
		{10D86C25-66B4-4F73-A64E-278587CA6E01}.Debug|Any CPU.Build.0 = Debug|Any CPU
		{10D86C25-66B4-4F73-A64E-278587CA6E01}.Debug|x86.ActiveCfg = Debug|Any CPU
		{10D86C25-66B4-4F73-A64E-278587CA6E01}.Debug|x86.Build.0 = Debug|Any CPU
		{10D86C25-66B4-4F73-A64E-278587CA6E01}.Release|Any CPU.ActiveCfg = Release|Any CPU
		{10D86C25-66B4-4F73-A64E-278587CA6E01}.Release|Any CPU.Build.0 = Release|Any CPU
		{10D86C25-66B4-4F73-A64E-278587CA6E01}.Release|x86.ActiveCfg = Release|Any CPU
		{10D86C25-66B4-4F73-A64E-278587CA6E01}.Release|x86.Build.0 = Release|Any CPU
		{CA531A96-7243-4AB6-B9E8-83A3FB8453AC}.Debug|Any CPU.ActiveCfg = Debug|Any CPU
		{CA531A96-7243-4AB6-B9E8-83A3FB8453AC}.Debug|Any CPU.Build.0 = Debug|Any CPU
		{CA531A96-7243-4AB6-B9E8-83A3FB8453AC}.Debug|x86.ActiveCfg = Debug|Any CPU
		{CA531A96-7243-4AB6-B9E8-83A3FB8453AC}.Debug|x86.Build.0 = Debug|Any CPU
		{CA531A96-7243-4AB6-B9E8-83A3FB8453AC}.Release|Any CPU.ActiveCfg = Release|Any CPU
		{CA531A96-7243-4AB6-B9E8-83A3FB8453AC}.Release|Any CPU.Build.0 = Release|Any CPU
		{CA531A96-7243-4AB6-B9E8-83A3FB8453AC}.Release|x86.ActiveCfg = Release|Any CPU
		{CA531A96-7243-4AB6-B9E8-83A3FB8453AC}.Release|x86.Build.0 = Release|Any CPU
		{71A51A9C-2E05-4CDE-B911-CA0F4599FB75}.Debug|Any CPU.ActiveCfg = Debug|Any CPU
		{71A51A9C-2E05-4CDE-B911-CA0F4599FB75}.Debug|Any CPU.Build.0 = Debug|Any CPU
		{71A51A9C-2E05-4CDE-B911-CA0F4599FB75}.Debug|x86.ActiveCfg = Debug|Any CPU
		{71A51A9C-2E05-4CDE-B911-CA0F4599FB75}.Debug|x86.Build.0 = Debug|Any CPU
		{71A51A9C-2E05-4CDE-B911-CA0F4599FB75}.Release|Any CPU.ActiveCfg = Release|Any CPU
		{71A51A9C-2E05-4CDE-B911-CA0F4599FB75}.Release|Any CPU.Build.0 = Release|Any CPU
		{71A51A9C-2E05-4CDE-B911-CA0F4599FB75}.Release|x86.ActiveCfg = Release|Any CPU
		{71A51A9C-2E05-4CDE-B911-CA0F4599FB75}.Release|x86.Build.0 = Release|Any CPU
		{929AA4DA-52EA-43BC-90C7-45B564967AFE}.Debug|Any CPU.ActiveCfg = Debug|Any CPU
		{929AA4DA-52EA-43BC-90C7-45B564967AFE}.Debug|Any CPU.Build.0 = Debug|Any CPU
		{929AA4DA-52EA-43BC-90C7-45B564967AFE}.Debug|x86.ActiveCfg = Debug|Any CPU
		{929AA4DA-52EA-43BC-90C7-45B564967AFE}.Debug|x86.Build.0 = Debug|Any CPU
		{929AA4DA-52EA-43BC-90C7-45B564967AFE}.Release|Any CPU.ActiveCfg = Release|Any CPU
		{929AA4DA-52EA-43BC-90C7-45B564967AFE}.Release|Any CPU.Build.0 = Release|Any CPU
		{929AA4DA-52EA-43BC-90C7-45B564967AFE}.Release|x86.ActiveCfg = Release|Any CPU
		{929AA4DA-52EA-43BC-90C7-45B564967AFE}.Release|x86.Build.0 = Release|Any CPU
	EndGlobalSection
	GlobalSection(SolutionProperties) = preSolution
		HideSolutionNode = FALSE
	EndGlobalSection
	GlobalSection(NestedProjects) = preSolution
		{D354B3B1-F9EE-4D92-BFB5-3D1C19EDBA21} = {9A01066E-1C74-4F42-936F-9F1E520B4B9C}
		{DDF292E8-0913-4AB0-A796-8713A5781382} = {9A01066E-1C74-4F42-936F-9F1E520B4B9C}
		{28C033D5-53F9-4920-9D77-1F02C057060F} = {9A01066E-1C74-4F42-936F-9F1E520B4B9C}
		{BB3FBCEB-F877-4AEF-979F-CF0BD396746F} = {9A01066E-1C74-4F42-936F-9F1E520B4B9C}
		{C11C9BAC-3790-4C86-BAD1-6DF83B643404} = {9A01066E-1C74-4F42-936F-9F1E520B4B9C}
		{7B85693F-C383-48DC-BED4-F9F0BFFD2686} = {9A01066E-1C74-4F42-936F-9F1E520B4B9C}
		{2CDCD221-D614-4B79-8CCC-ADB78077774B} = {9A01066E-1C74-4F42-936F-9F1E520B4B9C}
		{69A1113D-E6F9-4E10-961C-A8364A49500E} = {9A01066E-1C74-4F42-936F-9F1E520B4B9C}
		{0DC43C5B-E46F-4232-A934-2CA123D148C7} = {9A01066E-1C74-4F42-936F-9F1E520B4B9C}
		{7608D62F-D82D-433A-95F1-F9609EBADB29} = {8C1C3855-F337-48F6-B417-B9BA00BDEED3}
		{96409357-D4BC-4732-8440-981314FE2FF6} = {8C1C3855-F337-48F6-B417-B9BA00BDEED3}
		{6F84FCF9-6AA7-421E-B765-B10C03CF1666} = {8C1C3855-F337-48F6-B417-B9BA00BDEED3}
		{E2985C46-01F1-461A-8606-1D5B81981118} = {8C1C3855-F337-48F6-B417-B9BA00BDEED3}
		{2436D116-A6E7-40B3-A00A-A424ED932316} = {CCABAAC1-1A1F-42C0-B094-FBE82C3F7C72}
		{B8DBDD6D-6893-4941-BBD6-ED5FA5F2500D} = {B87EB87E-C2AB-4489-A9EE-233D907D071E}
		{7BD7CC08-BCDF-4AE0-AF67-FD6B6D195531} = {B87EB87E-C2AB-4489-A9EE-233D907D071E}
		{464DD395-9274-4C58-8FAE-F1152B56AF15} = {B87EB87E-C2AB-4489-A9EE-233D907D071E}
		{AF7E27CF-1A88-409B-8F97-5684E6B2E89C} = {B87EB87E-C2AB-4489-A9EE-233D907D071E}
		{235A1418-3B55-4C15-BD65-01A6DF084CA3} = {0EC83838-619E-49CA-B538-FD5E0E7B54A0}
		{10D86C25-66B4-4F73-A64E-278587CA6E01} = {0EC83838-619E-49CA-B538-FD5E0E7B54A0}
		{CA531A96-7243-4AB6-B9E8-83A3FB8453AC} = {0EC83838-619E-49CA-B538-FD5E0E7B54A0}
		{71A51A9C-2E05-4CDE-B911-CA0F4599FB75} = {CCABAAC1-1A1F-42C0-B094-FBE82C3F7C72}
		{929AA4DA-52EA-43BC-90C7-45B564967AFE} = {9A01066E-1C74-4F42-936F-9F1E520B4B9C}
	EndGlobalSection
EndGlobal
